
Microsoft Visual Studio Solution File, Format Version 12.00
Project("{FAE04EC0-301F-11D3-BF4B-00C04F79EFBC}") = "Kommunist.Application", "Kommunist.Application\Kommunist.Application.csproj", "{E1281610-EAF6-4FBC-AD40-6156F3D56CA0}"
EndProject
Project("{FAE04EC0-301F-11D3-BF4B-00C04F79EFBC}") = "Kommunist.Core", "Kommunist.Core\Kommunist.Core.csproj", "{E3BAB590-3107-41A4-A969-22AEAB50777A}"
EndProject
Global
	GlobalSection(SolutionConfigurationPlatforms) = preSolution
		Debug|Any CPU = Debug|Any CPU
		Release|Any CPU = Release|Any CPU
	EndGlobalSection
	GlobalSection(ProjectConfigurationPlatforms) = postSolution
		{E1281610-EAF6-4FBC-AD40-6156F3D56CA0}.Debug|Any CPU.ActiveCfg = Debug|Any CPU
		{E1281610-EAF6-4FBC-AD40-6156F3D56CA0}.Debug|Any CPU.Build.0 = Debug|Any CPU
		{E1281610-EAF6-4FBC-AD40-6156F3D56CA0}.Release|Any CPU.ActiveCfg = Release|Any CPU
		{E1281610-EAF6-4FBC-AD40-6156F3D56CA0}.Release|Any CPU.Build.0 = Release|Any CPU
		{E3BAB590-3107-41A4-A969-22AEAB50777A}.Debug|Any CPU.ActiveCfg = Debug|Any CPU
		{E3BAB590-3107-41A4-A969-22AEAB50777A}.Debug|Any CPU.Build.0 = Debug|Any CPU
		{E3BAB590-3107-41A4-A969-22AEAB50777A}.Release|Any CPU.ActiveCfg = Release|Any CPU
		{E3BAB590-3107-41A4-A969-22AEAB50777A}.Release|Any CPU.Build.0 = Release|Any CPU
	EndGlobalSection
EndGlobal
